
Microsoft Visual Studio Solution File, Format Version 12.00
# Visual Studio Version 17
VisualStudioVersion = 17.13.35828.75 d17.13
MinimumVisualStudioVersion = 10.0.40219.1
Project("{FAE04EC0-301F-11D3-BF4B-00C04F79EFBC}") = "Map", "Map.csproj", "{2A150612-8CAE-4353-944F-235B93E874C5}"
EndProject
Global
	GlobalSection(SolutionConfigurationPlatforms) = preSolution
		Debug|Any CPU = Debug|Any CPU
		Release|Any CPU = Release|Any CPU
	EndGlobalSection
	GlobalSection(ProjectConfigurationPlatforms) = postSolution
		{2A150612-8CAE-4353-944F-235B93E874C5}.Debug|Any CPU.ActiveCfg = Debug|Any CPU
		{2A150612-8CAE-4353-944F-235B93E874C5}.Debug|Any CPU.Build.0 = Debug|Any CPU
		{2A150612-8CAE-4353-944F-235B93E874C5}.Release|Any CPU.ActiveCfg = Release|Any CPU
		{2A150612-8CAE-4353-944F-235B93E874C5}.Release|Any CPU.Build.0 = Release|Any CPU
	EndGlobalSection
	GlobalSection(SolutionProperties) = preSolution
		HideSolutionNode = FALSE
	EndGlobalSection
	GlobalSection(ExtensibilityGlobals) = postSolution
		SolutionGuid = {761BAAEB-8F44-48BA-9317-580A14C5D418}
	EndGlobalSection
EndGlobal
